
Microsoft Visual Studio Solution File, Format Version 12.00
# Visual Studio Version 17
VisualStudioVersion = 17.5.33627.172
MinimumVisualStudioVersion = 10.0.40219.1
Project("{9A19103F-16F7-4668-BE54-9A1E7A4F7556}") = "FeetFinder", "FeetFinder\FeetFinder.csproj", "{7864304A-8B28-47AC-93A9-0F07A46A07D7}"
EndProject
Project("{9A19103F-16F7-4668-BE54-9A1E7A4F7556}") = "FeetScraperTests", "FeetScraperTests\FeetScraperTests.csproj", "{D8005696-AE67-4EF9-A343-7B59942B5A94}"
EndProject
Project("{9A19103F-16F7-4668-BE54-9A1E7A4F7556}") = "FeetScraper", "FeetScraper\FeetScraper.csproj", "{120E9331-4131-4F26-B275-07F233F6D250}"
EndProject
Global
	GlobalSection(SolutionConfigurationPlatforms) = preSolution
		Debug|Any CPU = Debug|Any CPU
		Release|Any CPU = Release|Any CPU
	EndGlobalSection
	GlobalSection(ProjectConfigurationPlatforms) = postSolution
		{7864304A-8B28-47AC-93A9-0F07A46A07D7}.Debug|Any CPU.ActiveCfg = Debug|Any CPU
		{7864304A-8B28-47AC-93A9-0F07A46A07D7}.Debug|Any CPU.Build.0 = Debug|Any CPU
		{7864304A-8B28-47AC-93A9-0F07A46A07D7}.Release|Any CPU.ActiveCfg = Release|Any CPU
		{7864304A-8B28-47AC-93A9-0F07A46A07D7}.Release|Any CPU.Build.0 = Release|Any CPU
		{D8005696-AE67-4EF9-A343-7B59942B5A94}.Debug|Any CPU.ActiveCfg = Debug|Any CPU
		{D8005696-AE67-4EF9-A343-7B59942B5A94}.Debug|Any CPU.Build.0 = Debug|Any CPU
		{D8005696-AE67-4EF9-A343-7B59942B5A94}.Release|Any CPU.ActiveCfg = Release|Any CPU
		{D8005696-AE67-4EF9-A343-7B59942B5A94}.Release|Any CPU.Build.0 = Release|Any CPU
		{120E9331-4131-4F26-B275-07F233F6D250}.Debug|Any CPU.ActiveCfg = Debug|Any CPU
		{120E9331-4131-4F26-B275-07F233F6D250}.Debug|Any CPU.Build.0 = Debug|Any CPU
		{120E9331-4131-4F26-B275-07F233F6D250}.Release|Any CPU.ActiveCfg = Release|Any CPU
		{120E9331-4131-4F26-B275-07F233F6D250}.Release|Any CPU.Build.0 = Release|Any CPU
	EndGlobalSection
	GlobalSection(SolutionProperties) = preSolution
		HideSolutionNode = FALSE
	EndGlobalSection
	GlobalSection(ExtensibilityGlobals) = postSolution
		SolutionGuid = {7465BEFD-028A-41A8-9115-6CE5DEF507DD}
	EndGlobalSection
EndGlobal
